
Microsoft Visual Studio Solution File, Format Version 12.00
# Visual Studio Version 16
VisualStudioVersion = 16.0.31019.35
MinimumVisualStudioVersion = 10.0.40219.1
Project("{FAE04EC0-301F-11D3-BF4B-00C04F79EFBC}") = "Auth.API", "Auth.API\Auth.API.csproj", "{F05FDE53-F6EA-4829-8833-89BFE5E24B28}"
EndProject
Project("{2150E333-8FDC-42A3-9474-1A3956D46DE8}") = "API", "API", "{FF4BF3DE-9E58-45C0-8EEA-BAB509E5078D}"
EndProject
Project("{2150E333-8FDC-42A3-9474-1A3956D46DE8}") = "BL", "BL", "{39E757A5-0698-499D-B306-137767E2B4B6}"
EndProject
Project("{2150E333-8FDC-42A3-9474-1A3956D46DE8}") = "DL", "DL", "{2EC43234-4D49-4F18-B731-4ECFE8F034C5}"
EndProject
Project("{FAE04EC0-301F-11D3-BF4B-00C04F79EFBC}") = "Product.BL", "Product.BL\Product.BL.csproj", "{7D1F0680-E544-4459-AD34-1395B5D90787}"
EndProject
Project("{2150E333-8FDC-42A3-9474-1A3956D46DE8}") = "Model", "Model", "{226E6C8D-8D51-4F8A-B3DF-79CB3586AEFD}"
EndProject
Project("{FAE04EC0-301F-11D3-BF4B-00C04F79EFBC}") = "northwind_product.API", "northwind_product.API\northwind_product.API.csproj", "{60BF3891-5003-417B-8C2C-B0810A733E68}"
EndProject
Project("{FAE04EC0-301F-11D3-BF4B-00C04F79EFBC}") = "TDTOAN.Model", "TDTOAN.Model\TDTOAN.Model.csproj", "{F899392D-5623-403E-89A9-0F92DCB56354}"
EndProject
Project("{FAE04EC0-301F-11D3-BF4B-00C04F79EFBC}") = "Product.DL", "Product.DL\Product.DL.csproj", "{5AE8C728-8B66-46AC-9F71-F39E2FDF4562}"
EndProject
Project("{2150E333-8FDC-42A3-9474-1A3956D46DE8}") = "Core", "Core", "{497D5686-123E-40E6-9049-1C16B27E1D61}"
EndProject
Project("{FAE04EC0-301F-11D3-BF4B-00C04F79EFBC}") = "Database", "Database\Database.csproj", "{72391C07-60DC-43A7-939A-4C355A24FF05}"
EndProject
Global
	GlobalSection(SolutionConfigurationPlatforms) = preSolution
		Debug|Any CPU = Debug|Any CPU
		Release|Any CPU = Release|Any CPU
	EndGlobalSection
	GlobalSection(ProjectConfigurationPlatforms) = postSolution
		{F05FDE53-F6EA-4829-8833-89BFE5E24B28}.Debug|Any CPU.ActiveCfg = Debug|Any CPU
		{F05FDE53-F6EA-4829-8833-89BFE5E24B28}.Debug|Any CPU.Build.0 = Debug|Any CPU
		{F05FDE53-F6EA-4829-8833-89BFE5E24B28}.Release|Any CPU.ActiveCfg = Release|Any CPU
		{F05FDE53-F6EA-4829-8833-89BFE5E24B28}.Release|Any CPU.Build.0 = Release|Any CPU
		{7D1F0680-E544-4459-AD34-1395B5D90787}.Debug|Any CPU.ActiveCfg = Debug|Any CPU
		{7D1F0680-E544-4459-AD34-1395B5D90787}.Debug|Any CPU.Build.0 = Debug|Any CPU
		{7D1F0680-E544-4459-AD34-1395B5D90787}.Release|Any CPU.ActiveCfg = Release|Any CPU
		{7D1F0680-E544-4459-AD34-1395B5D90787}.Release|Any CPU.Build.0 = Release|Any CPU
		{60BF3891-5003-417B-8C2C-B0810A733E68}.Debug|Any CPU.ActiveCfg = Debug|Any CPU
		{60BF3891-5003-417B-8C2C-B0810A733E68}.Debug|Any CPU.Build.0 = Debug|Any CPU
		{60BF3891-5003-417B-8C2C-B0810A733E68}.Release|Any CPU.ActiveCfg = Release|Any CPU
		{60BF3891-5003-417B-8C2C-B0810A733E68}.Release|Any CPU.Build.0 = Release|Any CPU
		{F899392D-5623-403E-89A9-0F92DCB56354}.Debug|Any CPU.ActiveCfg = Debug|Any CPU
		{F899392D-5623-403E-89A9-0F92DCB56354}.Debug|Any CPU.Build.0 = Debug|Any CPU
		{F899392D-5623-403E-89A9-0F92DCB56354}.Release|Any CPU.ActiveCfg = Release|Any CPU
		{F899392D-5623-403E-89A9-0F92DCB56354}.Release|Any CPU.Build.0 = Release|Any CPU
		{5AE8C728-8B66-46AC-9F71-F39E2FDF4562}.Debug|Any CPU.ActiveCfg = Debug|Any CPU
		{5AE8C728-8B66-46AC-9F71-F39E2FDF4562}.Debug|Any CPU.Build.0 = Debug|Any CPU
		{5AE8C728-8B66-46AC-9F71-F39E2FDF4562}.Release|Any CPU.ActiveCfg = Release|Any CPU
		{5AE8C728-8B66-46AC-9F71-F39E2FDF4562}.Release|Any CPU.Build.0 = Release|Any CPU
		{72391C07-60DC-43A7-939A-4C355A24FF05}.Debug|Any CPU.ActiveCfg = Debug|Any CPU
		{72391C07-60DC-43A7-939A-4C355A24FF05}.Debug|Any CPU.Build.0 = Debug|Any CPU
		{72391C07-60DC-43A7-939A-4C355A24FF05}.Release|Any CPU.ActiveCfg = Release|Any CPU
		{72391C07-60DC-43A7-939A-4C355A24FF05}.Release|Any CPU.Build.0 = Release|Any CPU
	EndGlobalSection
	GlobalSection(SolutionProperties) = preSolution
		HideSolutionNode = FALSE
	EndGlobalSection
	GlobalSection(NestedProjects) = preSolution
		{7D1F0680-E544-4459-AD34-1395B5D90787} = {39E757A5-0698-499D-B306-137767E2B4B6}
		{60BF3891-5003-417B-8C2C-B0810A733E68} = {FF4BF3DE-9E58-45C0-8EEA-BAB509E5078D}
		{F899392D-5623-403E-89A9-0F92DCB56354} = {226E6C8D-8D51-4F8A-B3DF-79CB3586AEFD}
		{5AE8C728-8B66-46AC-9F71-F39E2FDF4562} = {2EC43234-4D49-4F18-B731-4ECFE8F034C5}
		{72391C07-60DC-43A7-939A-4C355A24FF05} = {497D5686-123E-40E6-9049-1C16B27E1D61}
	EndGlobalSection
	GlobalSection(ExtensibilityGlobals) = postSolution
		SolutionGuid = {5D0DFFE9-9B40-4B90-A52E-B5274D4CF1B6}
	EndGlobalSection
EndGlobal
